// !$*UTF8*$!
{
	archiveVersion = 1;
	classes = {
	};
	objectVersion = 52;
	objects = {

/* Begin PBXBuildFile section */
		95566C5D25F5E1D800BFBB07 /* ChecksumHelper.swift in Sources */ = {isa = PBXBuildFile; fileRef = 95566C5C25F5E1D800BFBB07 /* ChecksumHelper.swift */; };
		95FEDE7F260DD4BE00B0B498 /* DirectPaymentSDK.xcframework in Frameworks */ = {isa = PBXBuildFile; fileRef = 95FEDE7D260DD4B800B0B498 /* DirectPaymentSDK.xcframework */; };
		95FEDE80260DD4BE00B0B498 /* DirectPaymentSDK.xcframework in Embed Frameworks */ = {isa = PBXBuildFile; fileRef = 95FEDE7D260DD4B800B0B498 /* DirectPaymentSDK.xcframework */; settings = {ATTRIBUTES = (CodeSignOnCopy, RemoveHeadersOnCopy, ); }; };
		C9C53D9B258AE73F00C86CCA /* AppDelegate.swift in Sources */ = {isa = PBXBuildFile; fileRef = C9C53D9A258AE73F00C86CCA /* AppDelegate.swift */; };
		C9C53D9F258AE73F00C86CCA /* ViewController.swift in Sources */ = {isa = PBXBuildFile; fileRef = C9C53D9E258AE73F00C86CCA /* ViewController.swift */; };
		C9C53DA2258AE73F00C86CCA /* Main.storyboard in Resources */ = {isa = PBXBuildFile; fileRef = C9C53DA0258AE73F00C86CCA /* Main.storyboard */; };
		C9C53DA4258AE74100C86CCA /* Assets.xcassets in Resources */ = {isa = PBXBuildFile; fileRef = C9C53DA3258AE74100C86CCA /* Assets.xcassets */; };
		C9C53DA7258AE74100C86CCA /* LaunchScreen.storyboard in Resources */ = {isa = PBXBuildFile; fileRef = C9C53DA5258AE74100C86CCA /* LaunchScreen.storyboard */; };
/* End PBXBuildFile section */

/* Begin PBXCopyFilesBuildPhase section */
		95118BC12608BBE1006430AA /* Embed Frameworks */ = {
			isa = PBXCopyFilesBuildPhase;
			buildActionMask = 2147483647;
			dstPath = "";
			dstSubfolderSpec = 10;
			files = (
				95FEDE80260DD4BE00B0B498 /* DirectPaymentSDK.xcframework in Embed Frameworks */,
			);
			name = "Embed Frameworks";
			runOnlyForDeploymentPostprocessing = 0;
		};
/* End PBXCopyFilesBuildPhase section */

/* Begin PBXFileReference section */
		95566C5C25F5E1D800BFBB07 /* ChecksumHelper.swift */ = {isa = PBXFileReference; lastKnownFileType = sourcecode.swift; path = ChecksumHelper.swift; sourceTree = "<group>"; };
		95FEDE7D260DD4B800B0B498 /* DirectPaymentSDK.xcframework */ = {isa = PBXFileReference; lastKnownFileType = wrapper.xcframework; name = DirectPaymentSDK.xcframework; path = ../Frameworks/DirectPaymentSDK.xcframework; sourceTree = "<group>"; };
		C9C53D97258AE73F00C86CCA /* DirectPaymentSDKDemo.app */ = {isa = PBXFileReference; explicitFileType = wrapper.application; includeInIndex = 0; path = DirectPaymentSDKDemo.app; sourceTree = BUILT_PRODUCTS_DIR; };
		C9C53D9A258AE73F00C86CCA /* AppDelegate.swift */ = {isa = PBXFileReference; lastKnownFileType = sourcecode.swift; path = AppDelegate.swift; sourceTree = "<group>"; };
		C9C53D9E258AE73F00C86CCA /* ViewController.swift */ = {isa = PBXFileReference; lastKnownFileType = sourcecode.swift; path = ViewController.swift; sourceTree = "<group>"; };
		C9C53DA1258AE73F00C86CCA /* Base */ = {isa = PBXFileReference; lastKnownFileType = file.storyboard; name = Base; path = Base.lproj/Main.storyboard; sourceTree = "<group>"; };
		C9C53DA3258AE74100C86CCA /* Assets.xcassets */ = {isa = PBXFileReference; lastKnownFileType = folder.assetcatalog; path = Assets.xcassets; sourceTree = "<group>"; };
		C9C53DA6258AE74100C86CCA /* Base */ = {isa = PBXFileReference; lastKnownFileType = file.storyboard; name = Base; path = Base.lproj/LaunchScreen.storyboard; sourceTree = "<group>"; };
		C9C53DA8258AE74100C86CCA /* Info.plist */ = {isa = PBXFileReference; lastKnownFileType = text.plist.xml; path = Info.plist; sourceTree = "<group>"; };
/* End PBXFileReference section */

/* Begin PBXFrameworksBuildPhase section */
		C9C53D94258AE73F00C86CCA /* Frameworks */ = {
			isa = PBXFrameworksBuildPhase;
			buildActionMask = 2147483647;
			files = (
				95FEDE7F260DD4BE00B0B498 /* DirectPaymentSDK.xcframework in Frameworks */,
			);
			runOnlyForDeploymentPostprocessing = 0;
		};
/* End PBXFrameworksBuildPhase section */

/* Begin PBXGroup section */
		C9C53D8E258AE73F00C86CCA = {
			isa = PBXGroup;
			children = (
				C9C53D99258AE73F00C86CCA /* DirectPaymentSDKDemo */,
				C9C53D98258AE73F00C86CCA /* Products */,
				C9C53DB6258AE84100C86CCA /* Frameworks */,
			);
			sourceTree = "<group>";
		};
		C9C53D98258AE73F00C86CCA /* Products */ = {
			isa = PBXGroup;
			children = (
				C9C53D97258AE73F00C86CCA /* DirectPaymentSDKDemo.app */,
			);
			name = Products;
			sourceTree = "<group>";
		};
		C9C53D99258AE73F00C86CCA /* DirectPaymentSDKDemo */ = {
			isa = PBXGroup;
			children = (
				C9C53D9A258AE73F00C86CCA /* AppDelegate.swift */,
				95566C5C25F5E1D800BFBB07 /* ChecksumHelper.swift */,
				C9C53D9E258AE73F00C86CCA /* ViewController.swift */,
				C9C53DA0258AE73F00C86CCA /* Main.storyboard */,
				C9C53DA3258AE74100C86CCA /* Assets.xcassets */,
				C9C53DA5258AE74100C86CCA /* LaunchScreen.storyboard */,
				C9C53DA8258AE74100C86CCA /* Info.plist */,
			);
			path = DirectPaymentSDKDemo;
			sourceTree = "<group>";
		};
		C9C53DB6258AE84100C86CCA /* Frameworks */ = {
			isa = PBXGroup;
			children = (
				95FEDE7D260DD4B800B0B498 /* DirectPaymentSDK.xcframework */,
			);
			name = Frameworks;
			sourceTree = "<group>";
		};
/* End PBXGroup section */

/* Begin PBXNativeTarget section */
		C9C53D96258AE73F00C86CCA /* DirectPaymentSDKDemo */ = {
			isa = PBXNativeTarget;
			buildConfigurationList = C9C53DAB258AE74100C86CCA /* Build configuration list for PBXNativeTarget "DirectPaymentSDKDemo" */;
			buildPhases = (
				C9C53D93258AE73F00C86CCA /* Sources */,
				C9C53D94258AE73F00C86CCA /* Frameworks */,
				C9C53D95258AE73F00C86CCA /* Resources */,
				95118BC12608BBE1006430AA /* Embed Frameworks */,
			);
			buildRules = (
			);
			dependencies = (
			);
			name = DirectPaymentSDKDemo;
			productName = DirectPaymentSDKDemo;
			productReference = C9C53D97258AE73F00C86CCA /* DirectPaymentSDKDemo.app */;
			productType = "com.apple.product-type.application";
		};
/* End PBXNativeTarget section */

/* Begin PBXProject section */
		C9C53D8F258AE73F00C86CCA /* Project object */ = {
			isa = PBXProject;
			attributes = {
				LastSwiftUpdateCheck = 1160;
				LastUpgradeCheck = 1160;
				ORGANIZATIONNAME = PhonePe;
				TargetAttributes = {
					C9C53D96258AE73F00C86CCA = {
						CreatedOnToolsVersion = 11.6;
					};
				};
			};
			buildConfigurationList = C9C53D92258AE73F00C86CCA /* Build configuration list for PBXProject "DirectPaymentSDKDemo" */;
			compatibilityVersion = "Xcode 9.3";
			developmentRegion = en;
			hasScannedForEncodings = 0;
			knownRegions = (
				en,
				Base,
			);
			mainGroup = C9C53D8E258AE73F00C86CCA;
			productRefGroup = C9C53D98258AE73F00C86CCA /* Products */;
			projectDirPath = "";
			projectRoot = "";
			targets = (
				C9C53D96258AE73F00C86CCA /* DirectPaymentSDKDemo */,
			);
		};
/* End PBXProject section */

/* Begin PBXResourcesBuildPhase section */
		C9C53D95258AE73F00C86CCA /* Resources */ = {
			isa = PBXResourcesBuildPhase;
			buildActionMask = 2147483647;
			files = (
				C9C53DA7258AE74100C86CCA /* LaunchScreen.storyboard in Resources */,
				C9C53DA4258AE74100C86CCA /* Assets.xcassets in Resources */,
				C9C53DA2258AE73F00C86CCA /* Main.storyboard in Resources */,
			);
			runOnlyForDeploymentPostprocessing = 0;
		};
/* End PBXResourcesBuildPhase section */

/* Begin PBXSourcesBuildPhase section */
		C9C53D93258AE73F00C86CCA /* Sources */ = {
			isa = PBXSourcesBuildPhase;
			buildActionMask = 2147483647;
			files = (
				C9C53D9F258AE73F00C86CCA /* ViewController.swift in Sources */,
				C9C53D9B258AE73F00C86CCA /* AppDelegate.swift in Sources */,
				95566C5D25F5E1D800BFBB07 /* ChecksumHelper.swift in Sources */,
			);
			runOnlyForDeploymentPostprocessing = 0;
		};
/* End PBXSourcesBuildPhase section */

/* Begin PBXVariantGroup section */
		C9C53DA0258AE73F00C86CCA /* Main.storyboard */ = {
			isa = PBXVariantGroup;
			children = (
				C9C53DA1258AE73F00C86CCA /* Base */,
			);
			name = Main.storyboard;
			sourceTree = "<group>";
		};
		C9C53DA5258AE74100C86CCA /* LaunchScreen.storyboard */ = {
			isa = PBXVariantGroup;
			children = (
				C9C53DA6258AE74100C86CCA /* Base */,
			);
			name = LaunchScreen.storyboard;
			sourceTree = "<group>";
		};
/* End PBXVariantGroup section */

/* Begin XCBuildConfiguration section */
		C9C53DA9258AE74100C86CCA /* Debug */ = {
			isa = XCBuildConfiguration;
			buildSettings = {
				ALWAYS_SEARCH_USER_PATHS = NO;
				CLANG_ANALYZER_NONNULL = YES;
				CLANG_ANALYZER_NUMBER_OBJECT_CONVERSION = YES_AGGRESSIVE;
				CLANG_CXX_LANGUAGE_STANDARD = "gnu++14";
				CLANG_CXX_LIBRARY = "libc++";
				CLANG_ENABLE_MODULES = YES;
				CLANG_ENABLE_OBJC_ARC = YES;
				CLANG_ENABLE_OBJC_WEAK = YES;
				CLANG_WARN_BLOCK_CAPTURE_AUTORELEASING = YES;
				CLANG_WARN_BOOL_CONVERSION = YES;
				CLANG_WARN_COMMA = YES;
				CLANG_WARN_CONSTANT_CONVERSION = YES;
				CLANG_WARN_DEPRECATED_OBJC_IMPLEMENTATIONS = YES;
				CLANG_WARN_DIRECT_OBJC_ISA_USAGE = YES_ERROR;
				CLANG_WARN_DOCUMENTATION_COMMENTS = YES;
				CLANG_WARN_EMPTY_BODY = YES;
				CLANG_WARN_ENUM_CONVERSION = YES;
				CLANG_WARN_INFINITE_RECURSION = YES;
				CLANG_WARN_INT_CONVERSION = YES;
				CLANG_WARN_NON_LITERAL_NULL_CONVERSION = YES;
				CLANG_WARN_OBJC_IMPLICIT_RETAIN_SELF = YES;
				CLANG_WARN_OBJC_LITERAL_CONVERSION = YES;
				CLANG_WARN_OBJC_ROOT_CLASS = YES_ERROR;
				CLANG_WARN_RANGE_LOOP_ANALYSIS = YES;
				CLANG_WARN_STRICT_PROTOTYPES = YES;
				CLANG_WARN_SUSPICIOUS_MOVE = YES;
				CLANG_WARN_UNGUARDED_AVAILABILITY = YES_AGGRESSIVE;
				CLANG_WARN_UNREACHABLE_CODE = YES;
				CLANG_WARN__DUPLICATE_METHOD_MATCH = YES;
				COPY_PHASE_STRIP = NO;
				DEBUG_INFORMATION_FORMAT = dwarf;
				ENABLE_STRICT_OBJC_MSGSEND = YES;
				ENABLE_TESTABILITY = YES;
				GCC_C_LANGUAGE_STANDARD = gnu11;
				GCC_DYNAMIC_NO_PIC = NO;
				GCC_NO_COMMON_BLOCKS = YES;
				GCC_OPTIMIZATION_LEVEL = 0;
				GCC_PREPROCESSOR_DEFINITIONS = (
					"DEBUG=1",
					"$(inherited)",
				);
				GCC_WARN_64_TO_32_BIT_CONVERSION = YES;
				GCC_WARN_ABOUT_RETURN_TYPE = YES_ERROR;
				GCC_WARN_UNDECLARED_SELECTOR = YES;
				GCC_WARN_UNINITIALIZED_AUTOS = YES_AGGRESSIVE;
				GCC_WARN_UNUSED_FUNCTION = YES;
				GCC_WARN_UNUSED_VARIABLE = YES;
				IPHONEOS_DEPLOYMENT_TARGET = 10.0;
				MTL_ENABLE_DEBUG_INFO = INCLUDE_SOURCE;
				MTL_FAST_MATH = YES;
				ONLY_ACTIVE_ARCH = YES;
				SDKROOT = iphoneos;
				SWIFT_ACTIVE_COMPILATION_CONDITIONS = DEBUG;
				SWIFT_OPTIMIZATION_LEVEL = "-Onone";
			};
			name = Debug;
		};
		C9C53DAA258AE74100C86CCA /* Release */ = {
			isa = XCBuildConfiguration;
			buildSettings = {
				ALWAYS_SEARCH_USER_PATHS = NO;
				CLANG_ANALYZER_NONNULL = YES;
				CLANG_ANALYZER_NUMBER_OBJECT_CONVERSION = YES_AGGRESSIVE;
				CLANG_CXX_LANGUAGE_STANDARD = "gnu++14";
				CLANG_CXX_LIBRARY = "libc++";
				CLANG_ENABLE_MODULES = YES;
				CLANG_ENABLE_OBJC_ARC = YES;
				CLANG_ENABLE_OBJC_WEAK = YES;
				CLANG_WARN_BLOCK_CAPTURE_AUTORELEASING = YES;
				CLANG_WARN_BOOL_CONVERSION = YES;
				CLANG_WARN_COMMA = YES;
				CLANG_WARN_CONSTANT_CONVERSION = YES;
				CLANG_WARN_DEPRECATED_OBJC_IMPLEMENTATIONS = YES;
				CLANG_WARN_DIRECT_OBJC_ISA_USAGE = YES_ERROR;
				CLANG_WARN_DOCUMENTATION_COMMENTS = YES;
				CLANG_WARN_EMPTY_BODY = YES;
				CLANG_WARN_ENUM_CONVERSION = YES;
				CLANG_WARN_INFINITE_RECURSION = YES;
				CLANG_WARN_INT_CONVERSION = YES;
				CLANG_WARN_NON_LITERAL_NULL_CONVERSION = YES;
				CLANG_WARN_OBJC_IMPLICIT_RETAIN_SELF = YES;
				CLANG_WARN_OBJC_LITERAL_CONVERSION = YES;
				CLANG_WARN_OBJC_ROOT_CLASS = YES_ERROR;
				CLANG_WARN_RANGE_LOOP_ANALYSIS = YES;
				CLANG_WARN_STRICT_PROTOTYPES = YES;
				CLANG_WARN_SUSPICIOUS_MOVE = YES;
				CLANG_WARN_UNGUARDED_AVAILABILITY = YES_AGGRESSIVE;
				CLANG_WARN_UNREACHABLE_CODE = YES;
				CLANG_WARN__DUPLICATE_METHOD_MATCH = YES;
				COPY_PHASE_STRIP = NO;
				DEBUG_INFORMATION_FORMAT = "dwarf-with-dsym";
				ENABLE_NS_ASSERTIONS = NO;
				ENABLE_STRICT_OBJC_MSGSEND = YES;
				GCC_C_LANGUAGE_STANDARD = gnu11;
				GCC_NO_COMMON_BLOCKS = YES;
				GCC_WARN_64_TO_32_BIT_CONVERSION = YES;
				GCC_WARN_ABOUT_RETURN_TYPE = YES_ERROR;
				GCC_WARN_UNDECLARED_SELECTOR = YES;
				GCC_WARN_UNINITIALIZED_AUTOS = YES_AGGRESSIVE;
				GCC_WARN_UNUSED_FUNCTION = YES;
				GCC_WARN_UNUSED_VARIABLE = YES;
				IPHONEOS_DEPLOYMENT_TARGET = 10.0;
				MTL_ENABLE_DEBUG_INFO = NO;
				MTL_FAST_MATH = YES;
				SDKROOT = iphoneos;
				SWIFT_COMPILATION_MODE = wholemodule;
				SWIFT_OPTIMIZATION_LEVEL = "-O";
				VALIDATE_PRODUCT = YES;
			};
			name = Release;
		};
		C9C53DAC258AE74100C86CCA /* Debug */ = {
			isa = XCBuildConfiguration;
			buildSettings = {
				ASSETCATALOG_COMPILER_APPICON_NAME = AppIcon;
				CODE_SIGN_STYLE = Automatic;
				DEVELOPMENT_TEAM = J3W53ZGJ94;
				INFOPLIST_FILE = DirectPaymentSDKDemo/Info.plist;
				LD_RUNPATH_SEARCH_PATHS = (
					"$(inherited)",
					"@executable_path/Frameworks",
				);
				PRODUCT_BUNDLE_IDENTIFIER = com.phonepe.PhonePeAppEnterprise;
				PRODUCT_NAME = "$(TARGET_NAME)";
				SWIFT_VERSION = 5.0;
				TARGETED_DEVICE_FAMILY = 1;
				VALIDATE_WORKSPACE = NO;
			};
			name = Debug;
		};
		C9C53DAD258AE74100C86CCA /* Release */ = {
			isa = XCBuildConfiguration;
			buildSettings = {
				ASSETCATALOG_COMPILER_APPICON_NAME = AppIcon;
				CODE_SIGN_STYLE = Automatic;
				DEVELOPMENT_TEAM = J3W53ZGJ94;
				INFOPLIST_FILE = DirectPaymentSDKDemo/Info.plist;
				LD_RUNPATH_SEARCH_PATHS = (
					"$(inherited)",
					"@executable_path/Frameworks",
				);
				PRODUCT_BUNDLE_IDENTIFIER = com.phonepe.PhonePeAppEnterprise;
				PRODUCT_NAME = "$(TARGET_NAME)";
				SWIFT_VERSION = 5.0;
				TARGETED_DEVICE_FAMILY = 1;
				VALIDATE_WORKSPACE = NO;
			};
			name = Release;
		};
/* End XCBuildConfiguration section */

/* Begin XCConfigurationList section */
		C9C53D92258AE73F00C86CCA /* Build configuration list for PBXProject "DirectPaymentSDKDemo" */ = {
			isa = XCConfigurationList;
			buildConfigurations = (
				C9C53DA9258AE74100C86CCA /* Debug */,
				C9C53DAA258AE74100C86CCA /* Release */,
			);
			defaultConfigurationIsVisible = 0;
			defaultConfigurationName = Release;
		};
		C9C53DAB258AE74100C86CCA /* Build configuration list for PBXNativeTarget "DirectPaymentSDKDemo" */ = {
			isa = XCConfigurationList;
			buildConfigurations = (
				C9C53DAC258AE74100C86CCA /* Debug */,
				C9C53DAD258AE74100C86CCA /* Release */,
			);
			defaultConfigurationIsVisible = 0;
			defaultConfigurationName = Release;
		};
/* End XCConfigurationList section */
	};
	rootObject = C9C53D8F258AE73F00C86CCA /* Project object */;
}
